
Microsoft Visual Studio Solution File, Format Version 12.00
# Visual Studio Version 17
VisualStudioVersion = 17.2.32630.192
MinimumVisualStudioVersion = 10.0.40219.1
Project("{FAE04EC0-301F-11D3-BF4B-00C04F79EFBC}") = "Mars", "Mars\Mars.csproj", "{224F41AC-7CAC-428F-9F42-519DBA8EAF51}"
EndProject
Global
	GlobalSection(SolutionConfigurationPlatforms) = preSolution
		Debug|Any CPU = Debug|Any CPU
		Release|Any CPU = Release|Any CPU
	EndGlobalSection
	GlobalSection(ProjectConfigurationPlatforms) = postSolution
		{224F41AC-7CAC-428F-9F42-519DBA8EAF51}.Debug|Any CPU.ActiveCfg = Debug|Any CPU
		{224F41AC-7CAC-428F-9F42-519DBA8EAF51}.Debug|Any CPU.Build.0 = Debug|Any CPU
		{224F41AC-7CAC-428F-9F42-519DBA8EAF51}.Release|Any CPU.ActiveCfg = Release|Any CPU
		{224F41AC-7CAC-428F-9F42-519DBA8EAF51}.Release|Any CPU.Build.0 = Release|Any CPU
	EndGlobalSection
	GlobalSection(SolutionProperties) = preSolution
		HideSolutionNode = FALSE
	EndGlobalSection
	GlobalSection(ExtensibilityGlobals) = postSolution
		SolutionGuid = {24AA87A1-D07F-4AAE-BE41-6A4898CFDC36}
	EndGlobalSection
EndGlobal
